// !$*UTF8*$!
{
	archiveVersion = 1;
	classes = {
	};
	objectVersion = 55;
	objects = {

/* Begin PBXBuildFile section */
		A2502E0C271CD5A2003B545C /* ApiCall.swift in Sources */ = {isa = PBXBuildFile; fileRef = A2502E0B271CD5A2003B545C /* ApiCall.swift */; };
		A2502E0E271CD5E5003B545C /* ChampionDetail.swift in Sources */ = {isa = PBXBuildFile; fileRef = A2502E0D271CD5E5003B545C /* ChampionDetail.swift */; };
		A2A3B2D42724C233005D4F4A /* ChampionNavView.swift in Sources */ = {isa = PBXBuildFile; fileRef = A2A3B2D32724C233005D4F4A /* ChampionNavView.swift */; };
		A2A44D4E2783BF3F009B3602 /* LeagueAPI.xcframework in Frameworks */ = {isa = PBXBuildFile; fileRef = A2A44D4D2783BF3F009B3602 /* LeagueAPI.xcframework */; };
		A2A44D4F2783BF3F009B3602 /* LeagueAPI.xcframework in Embed Frameworks */ = {isa = PBXBuildFile; fileRef = A2A44D4D2783BF3F009B3602 /* LeagueAPI.xcframework */; settings = {ATTRIBUTES = (CodeSignOnCopy, RemoveHeadersOnCopy, ); }; };
		A2AD10D2277E639F00B6DDF7 /* Sharing manager.swift in Sources */ = {isa = PBXBuildFile; fileRef = A2AD10D1277E639F00B6DDF7 /* Sharing manager.swift */; };
		A2AD1CFF27388E3400A43690 /* GameModel.swift in Sources */ = {isa = PBXBuildFile; fileRef = A2AD1CFE27388E3400A43690 /* GameModel.swift */; };
		A2AD1D012738909400A43690 /* GameViewModel.swift in Sources */ = {isa = PBXBuildFile; fileRef = A2AD1D002738909400A43690 /* GameViewModel.swift */; };
		A2B5650727035CFE00124ED9 /* Xeno_AppApp.swift in Sources */ = {isa = PBXBuildFile; fileRef = A2B5650627035CFE00124ED9 /* Xeno_AppApp.swift */; };
		A2B5650927035CFE00124ED9 /* ContentView.swift in Sources */ = {isa = PBXBuildFile; fileRef = A2B5650827035CFE00124ED9 /* ContentView.swift */; };
		A2B5650B27035CFF00124ED9 /* Assets.xcassets in Resources */ = {isa = PBXBuildFile; fileRef = A2B5650A27035CFF00124ED9 /* Assets.xcassets */; };
		A2B5650E27035CFF00124ED9 /* Preview Assets.xcassets in Resources */ = {isa = PBXBuildFile; fileRef = A2B5650D27035CFF00124ED9 /* Preview Assets.xcassets */; };
		A2B5651827035CFF00124ED9 /* Xeno_AppTests.swift in Sources */ = {isa = PBXBuildFile; fileRef = A2B5651727035CFF00124ED9 /* Xeno_AppTests.swift */; };
		A2B5652227035CFF00124ED9 /* Xeno_AppUITests.swift in Sources */ = {isa = PBXBuildFile; fileRef = A2B5652127035CFF00124ED9 /* Xeno_AppUITests.swift */; };
		A2B5652427035CFF00124ED9 /* Xeno_AppUITestsLaunchTests.swift in Sources */ = {isa = PBXBuildFile; fileRef = A2B5652327035CFF00124ED9 /* Xeno_AppUITestsLaunchTests.swift */; };
		A2BB1F592729535900A7ABAE /* gameView.swift in Sources */ = {isa = PBXBuildFile; fileRef = A2BB1F582729535900A7ABAE /* gameView.swift */; };
/* End PBXBuildFile section */

/* Begin PBXContainerItemProxy section */
		A2B5651427035CFF00124ED9 /* PBXContainerItemProxy */ = {
			isa = PBXContainerItemProxy;
			containerPortal = A2B564FB27035CFE00124ED9 /* Project object */;
			proxyType = 1;
			remoteGlobalIDString = A2B5650227035CFE00124ED9;
			remoteInfo = Xeno_App;
		};
		A2B5651E27035CFF00124ED9 /* PBXContainerItemProxy */ = {
			isa = PBXContainerItemProxy;
			containerPortal = A2B564FB27035CFE00124ED9 /* Project object */;
			proxyType = 1;
			remoteGlobalIDString = A2B5650227035CFE00124ED9;
			remoteInfo = Xeno_App;
		};
/* End PBXContainerItemProxy section */

/* Begin PBXCopyFilesBuildPhase section */
		A2A44D502783BF3F009B3602 /* Embed Frameworks */ = {
			isa = PBXCopyFilesBuildPhase;
			buildActionMask = 2147483647;
			dstPath = "";
			dstSubfolderSpec = 10;
			files = (
				A2A44D4F2783BF3F009B3602 /* LeagueAPI.xcframework in Embed Frameworks */,
			);
			name = "Embed Frameworks";
			runOnlyForDeploymentPostprocessing = 0;
		};
/* End PBXCopyFilesBuildPhase section */

/* Begin PBXFileReference section */
		A2062641278479E3000F5FD5 /* Keys.plist */ = {isa = PBXFileReference; lastKnownFileType = text.plist.xml; path = Keys.plist; sourceTree = "<group>"; };
		A2502E0B271CD5A2003B545C /* ApiCall.swift */ = {isa = PBXFileReference; lastKnownFileType = sourcecode.swift; path = ApiCall.swift; sourceTree = "<group>"; };
		A2502E0D271CD5E5003B545C /* ChampionDetail.swift */ = {isa = PBXFileReference; lastKnownFileType = sourcecode.swift; path = ChampionDetail.swift; sourceTree = "<group>"; };
		A25EDACD27829087005AEF24 /* Info.plist */ = {isa = PBXFileReference; lastKnownFileType = text.plist.xml; path = Info.plist; sourceTree = "<group>"; };
		A2A3B2D32724C233005D4F4A /* ChampionNavView.swift */ = {isa = PBXFileReference; lastKnownFileType = sourcecode.swift; path = ChampionNavView.swift; sourceTree = "<group>"; };
		A2A44D492783BF20009B3602 /* Xeno_App.app */ = {isa = PBXFileReference; explicitFileType = wrapper.application; includeInIndex = 0; path = Xeno_App.app; sourceTree = BUILT_PRODUCTS_DIR; };
		A2A44D4A2783BF21009B3602 /* Xeno_AppTests.xctest */ = {isa = PBXFileReference; explicitFileType = wrapper.cfbundle; includeInIndex = 0; path = Xeno_AppTests.xctest; sourceTree = BUILT_PRODUCTS_DIR; };
		A2A44D4B2783BF21009B3602 /* Xeno_AppUITests.xctest */ = {isa = PBXFileReference; explicitFileType = wrapper.cfbundle; includeInIndex = 0; path = Xeno_AppUITests.xctest; sourceTree = BUILT_PRODUCTS_DIR; };
		A2A44D4D2783BF3F009B3602 /* LeagueAPI.xcframework */ = {isa = PBXFileReference; lastKnownFileType = wrapper.xcframework; name = LeagueAPI.xcframework; path = Carthage/Build/LeagueAPI.xcframework; sourceTree = "<group>"; };
		A2AD10D1277E639F00B6DDF7 /* Sharing manager.swift */ = {isa = PBXFileReference; lastKnownFileType = sourcecode.swift; path = "Sharing manager.swift"; sourceTree = "<group>"; };
		A2AD1CFE27388E3400A43690 /* GameModel.swift */ = {isa = PBXFileReference; lastKnownFileType = sourcecode.swift; path = GameModel.swift; sourceTree = "<group>"; };
		A2AD1D002738909400A43690 /* GameViewModel.swift */ = {isa = PBXFileReference; lastKnownFileType = sourcecode.swift; path = GameViewModel.swift; sourceTree = "<group>"; };
		A2B5650627035CFE00124ED9 /* Xeno_AppApp.swift */ = {isa = PBXFileReference; lastKnownFileType = sourcecode.swift; path = Xeno_AppApp.swift; sourceTree = "<group>"; };
		A2B5650827035CFE00124ED9 /* ContentView.swift */ = {isa = PBXFileReference; lastKnownFileType = sourcecode.swift; path = ContentView.swift; sourceTree = "<group>"; };
		A2B5650A27035CFF00124ED9 /* Assets.xcassets */ = {isa = PBXFileReference; lastKnownFileType = folder.assetcatalog; path = Assets.xcassets; sourceTree = "<group>"; };
		A2B5650D27035CFF00124ED9 /* Preview Assets.xcassets */ = {isa = PBXFileReference; lastKnownFileType = folder.assetcatalog; path = "Preview Assets.xcassets"; sourceTree = "<group>"; };
		A2B5651727035CFF00124ED9 /* Xeno_AppTests.swift */ = {isa = PBXFileReference; lastKnownFileType = sourcecode.swift; path = Xeno_AppTests.swift; sourceTree = "<group>"; };
		A2B5652127035CFF00124ED9 /* Xeno_AppUITests.swift */ = {isa = PBXFileReference; lastKnownFileType = sourcecode.swift; path = Xeno_AppUITests.swift; sourceTree = "<group>"; };
		A2B5652327035CFF00124ED9 /* Xeno_AppUITestsLaunchTests.swift */ = {isa = PBXFileReference; lastKnownFileType = sourcecode.swift; path = Xeno_AppUITestsLaunchTests.swift; sourceTree = "<group>"; };
		A2BB1F582729535900A7ABAE /* gameView.swift */ = {isa = PBXFileReference; lastKnownFileType = sourcecode.swift; path = gameView.swift; sourceTree = "<group>"; };
/* End PBXFileReference section */

/* Begin PBXFrameworksBuildPhase section */
		A2B5650027035CFE00124ED9 /* Frameworks */ = {
			isa = PBXFrameworksBuildPhase;
			buildActionMask = 2147483647;
			files = (
				A2A44D4E2783BF3F009B3602 /* LeagueAPI.xcframework in Frameworks */,
			);
			runOnlyForDeploymentPostprocessing = 0;
		};
		A2B5651027035CFF00124ED9 /* Frameworks */ = {
			isa = PBXFrameworksBuildPhase;
			buildActionMask = 2147483647;
			files = (
			);
			runOnlyForDeploymentPostprocessing = 0;
		};
		A2B5651A27035CFF00124ED9 /* Frameworks */ = {
			isa = PBXFrameworksBuildPhase;
			buildActionMask = 2147483647;
			files = (
			);
			runOnlyForDeploymentPostprocessing = 0;
		};
/* End PBXFrameworksBuildPhase section */

/* Begin PBXGroup section */
		A2A44D4C2783BF3F009B3602 /* Frameworks */ = {
			isa = PBXGroup;
			children = (
				A2A44D4D2783BF3F009B3602 /* LeagueAPI.xcframework */,
			);
			name = Frameworks;
			sourceTree = "<group>";
		};
		A2AD10D0277E638600B6DDF7 /* managers */ = {
			isa = PBXGroup;
			children = (
				A2AD10D1277E639F00B6DDF7 /* Sharing manager.swift */,
			);
			path = managers;
			sourceTree = "<group>";
		};
		A2B564FA27035CFE00124ED9 = {
			isa = PBXGroup;
			children = (
				A2062641278479E3000F5FD5 /* Keys.plist */,
				A25EDACD27829087005AEF24 /* Info.plist */,
				A2B5650527035CFE00124ED9 /* Xeno_App */,
				A2B5651627035CFF00124ED9 /* Xeno_AppTests */,
				A2B5652027035CFF00124ED9 /* Xeno_AppUITests */,
				A2A44D492783BF20009B3602 /* Xeno_App.app */,
				A2A44D4A2783BF21009B3602 /* Xeno_AppTests.xctest */,
				A2A44D4B2783BF21009B3602 /* Xeno_AppUITests.xctest */,
				A2A44D4C2783BF3F009B3602 /* Frameworks */,
			);
			sourceTree = "<group>";
		};
		A2B5650527035CFE00124ED9 /* Xeno_App */ = {
			isa = PBXGroup;
			children = (
				A2AD10D0277E638600B6DDF7 /* managers */,
				A2AD1D002738909400A43690 /* GameViewModel.swift */,
				A2AD1CFE27388E3400A43690 /* GameModel.swift */,
				A2A3B2D32724C233005D4F4A /* ChampionNavView.swift */,
				A2B5650627035CFE00124ED9 /* Xeno_AppApp.swift */,
				A2B5650827035CFE00124ED9 /* ContentView.swift */,
				A2BB1F582729535900A7ABAE /* gameView.swift */,
				A2502E0D271CD5E5003B545C /* ChampionDetail.swift */,
				A2502E0B271CD5A2003B545C /* ApiCall.swift */,
				A2B5650A27035CFF00124ED9 /* Assets.xcassets */,
				A2B5650C27035CFF00124ED9 /* Preview Content */,
			);
			path = Xeno_App;
			sourceTree = "<group>";
		};
		A2B5650C27035CFF00124ED9 /* Preview Content */ = {
			isa = PBXGroup;
			children = (
				A2B5650D27035CFF00124ED9 /* Preview Assets.xcassets */,
			);
			path = "Preview Content";
			sourceTree = "<group>";
		};
		A2B5651627035CFF00124ED9 /* Xeno_AppTests */ = {
			isa = PBXGroup;
			children = (
				A2B5651727035CFF00124ED9 /* Xeno_AppTests.swift */,
			);
			path = Xeno_AppTests;
			sourceTree = "<group>";
		};
		A2B5652027035CFF00124ED9 /* Xeno_AppUITests */ = {
			isa = PBXGroup;
			children = (
				A2B5652127035CFF00124ED9 /* Xeno_AppUITests.swift */,
				A2B5652327035CFF00124ED9 /* Xeno_AppUITestsLaunchTests.swift */,
			);
			path = Xeno_AppUITests;
			sourceTree = "<group>";
		};
/* End PBXGroup section */

/* Begin PBXNativeTarget section */
		A2B5650227035CFE00124ED9 /* Xeno_App */ = {
			isa = PBXNativeTarget;
			buildConfigurationList = A2B5652727035CFF00124ED9 /* Build configuration list for PBXNativeTarget "Xeno_App" */;
			buildPhases = (
				A2B564FF27035CFE00124ED9 /* Sources */,
				A2B5650027035CFE00124ED9 /* Frameworks */,
				A2B5650127035CFE00124ED9 /* Resources */,
				A2A44D502783BF3F009B3602 /* Embed Frameworks */,
			);
			buildRules = (
			);
			dependencies = (
			);
			name = Xeno_App;
			productName = Xeno_App;
			productReference = A2A44D492783BF20009B3602 /* Xeno_App.app */;
			productType = "com.apple.product-type.application";
		};
		A2B5651227035CFF00124ED9 /* Xeno_AppTests */ = {
			isa = PBXNativeTarget;
			buildConfigurationList = A2B5652A27035CFF00124ED9 /* Build configuration list for PBXNativeTarget "Xeno_AppTests" */;
			buildPhases = (
				5CD8D20F03158D9542240384 /* [CP] Check Pods Manifest.lock */,
				A2B5650F27035CFF00124ED9 /* Sources */,
				A2B5651027035CFF00124ED9 /* Frameworks */,
				A2B5651127035CFF00124ED9 /* Resources */,
			);
			buildRules = (
			);
			dependencies = (
				A2B5651527035CFF00124ED9 /* PBXTargetDependency */,
			);
			name = Xeno_AppTests;
			productName = Xeno_AppTests;
			productReference = A2A44D4A2783BF21009B3602 /* Xeno_AppTests.xctest */;
			productType = "com.apple.product-type.bundle.unit-test";
		};
		A2B5651C27035CFF00124ED9 /* Xeno_AppUITests */ = {
			isa = PBXNativeTarget;
			buildConfigurationList = A2B5652D27035CFF00124ED9 /* Build configuration list for PBXNativeTarget "Xeno_AppUITests" */;
			buildPhases = (
				BFEABD09C0E0A7551EDE5BB9 /* [CP] Check Pods Manifest.lock */,
				A2B5651927035CFF00124ED9 /* Sources */,
				A2B5651A27035CFF00124ED9 /* Frameworks */,
				A2B5651B27035CFF00124ED9 /* Resources */,
			);
			buildRules = (
			);
			dependencies = (
				A2B5651F27035CFF00124ED9 /* PBXTargetDependency */,
			);
			name = Xeno_AppUITests;
			productName = Xeno_AppUITests;
			productReference = A2A44D4B2783BF21009B3602 /* Xeno_AppUITests.xctest */;
			productType = "com.apple.product-type.bundle.ui-testing";
		};
/* End PBXNativeTarget section */

/* Begin PBXProject section */
		A2B564FB27035CFE00124ED9 /* Project object */ = {
			isa = PBXProject;
			attributes = {
				BuildIndependentTargetsInParallel = 1;
				LastSwiftUpdateCheck = 1300;
				LastUpgradeCheck = 1300;
				TargetAttributes = {
					A2B5650227035CFE00124ED9 = {
						CreatedOnToolsVersion = 13.0;
					};
					A2B5651227035CFF00124ED9 = {
						CreatedOnToolsVersion = 13.0;
						TestTargetID = A2B5650227035CFE00124ED9;
					};
					A2B5651C27035CFF00124ED9 = {
						CreatedOnToolsVersion = 13.0;
						TestTargetID = A2B5650227035CFE00124ED9;
					};
				};
			};
			buildConfigurationList = A2B564FE27035CFE00124ED9 /* Build configuration list for PBXProject "Xeno_App" */;
			compatibilityVersion = "Xcode 13.0";
			developmentRegion = en;
			hasScannedForEncodings = 0;
			knownRegions = (
				en,
				Base,
			);
			mainGroup = A2B564FA27035CFE00124ED9;
			productRefGroup = A2B564FA27035CFE00124ED9;
			projectDirPath = "";
			projectRoot = "";
			targets = (
				A2B5650227035CFE00124ED9 /* Xeno_App */,
				A2B5651227035CFF00124ED9 /* Xeno_AppTests */,
				A2B5651C27035CFF00124ED9 /* Xeno_AppUITests */,
			);
		};
/* End PBXProject section */

/* Begin PBXResourcesBuildPhase section */
		A2B5650127035CFE00124ED9 /* Resources */ = {
			isa = PBXResourcesBuildPhase;
			buildActionMask = 2147483647;
			files = (
				A2B5650E27035CFF00124ED9 /* Preview Assets.xcassets in Resources */,
				A2B5650B27035CFF00124ED9 /* Assets.xcassets in Resources */,
			);
			runOnlyForDeploymentPostprocessing = 0;
		};
		A2B5651127035CFF00124ED9 /* Resources */ = {
			isa = PBXResourcesBuildPhase;
			buildActionMask = 2147483647;
			files = (
			);
			runOnlyForDeploymentPostprocessing = 0;
		};
		A2B5651B27035CFF00124ED9 /* Resources */ = {
			isa = PBXResourcesBuildPhase;
			buildActionMask = 2147483647;
			files = (
			);
			runOnlyForDeploymentPostprocessing = 0;
		};
/* End PBXResourcesBuildPhase section */

/* Begin PBXShellScriptBuildPhase section */
		5CD8D20F03158D9542240384 /* [CP] Check Pods Manifest.lock */ = {
			isa = PBXShellScriptBuildPhase;
			buildActionMask = 2147483647;
			files = (
			);
			inputFileListPaths = (
			);
			inputPaths = (
				"${PODS_PODFILE_DIR_PATH}/Podfile.lock",
				"${PODS_ROOT}/Manifest.lock",
			);
			name = "[CP] Check Pods Manifest.lock";
			outputFileListPaths = (
			);
			outputPaths = (
				"$(DERIVED_FILE_DIR)/Pods-Xeno_AppTests-checkManifestLockResult.txt",
			);
			runOnlyForDeploymentPostprocessing = 0;
			shellPath = /bin/sh;
			shellScript = "diff \"${PODS_PODFILE_DIR_PATH}/Podfile.lock\" \"${PODS_ROOT}/Manifest.lock\" > /dev/null\nif [ $? != 0 ] ; then\n    # print error to STDERR\n    echo \"error: The sandbox is not in sync with the Podfile.lock. Run 'pod install' or update your CocoaPods installation.\" >&2\n    exit 1\nfi\n# This output is used by Xcode 'outputs' to avoid re-running this script phase.\necho \"SUCCESS\" > \"${SCRIPT_OUTPUT_FILE_0}\"\n";
			showEnvVarsInLog = 0;
		};
		BFEABD09C0E0A7551EDE5BB9 /* [CP] Check Pods Manifest.lock */ = {
			isa = PBXShellScriptBuildPhase;
			buildActionMask = 2147483647;
			files = (
			);
			inputFileListPaths = (
			);
			inputPaths = (
				"${PODS_PODFILE_DIR_PATH}/Podfile.lock",
				"${PODS_ROOT}/Manifest.lock",
			);
			name = "[CP] Check Pods Manifest.lock";
			outputFileListPaths = (
			);
			outputPaths = (
				"$(DERIVED_FILE_DIR)/Pods-Xeno_App-Xeno_AppUITests-checkManifestLockResult.txt",
			);
			runOnlyForDeploymentPostprocessing = 0;
			shellPath = /bin/sh;
			shellScript = "diff \"${PODS_PODFILE_DIR_PATH}/Podfile.lock\" \"${PODS_ROOT}/Manifest.lock\" > /dev/null\nif [ $? != 0 ] ; then\n    # print error to STDERR\n    echo \"error: The sandbox is not in sync with the Podfile.lock. Run 'pod install' or update your CocoaPods installation.\" >&2\n    exit 1\nfi\n# This output is used by Xcode 'outputs' to avoid re-running this script phase.\necho \"SUCCESS\" > \"${SCRIPT_OUTPUT_FILE_0}\"\n";
			showEnvVarsInLog = 0;
		};
/* End PBXShellScriptBuildPhase section */

/* Begin PBXSourcesBuildPhase section */
		A2B564FF27035CFE00124ED9 /* Sources */ = {
			isa = PBXSourcesBuildPhase;
			buildActionMask = 2147483647;
			files = (
				A2BB1F592729535900A7ABAE /* gameView.swift in Sources */,
				A2B5650927035CFE00124ED9 /* ContentView.swift in Sources */,
				A2A3B2D42724C233005D4F4A /* ChampionNavView.swift in Sources */,
				A2502E0E271CD5E5003B545C /* ChampionDetail.swift in Sources */,
				A2AD1D012738909400A43690 /* GameViewModel.swift in Sources */,
				A2502E0C271CD5A2003B545C /* ApiCall.swift in Sources */,
				A2AD1CFF27388E3400A43690 /* GameModel.swift in Sources */,
				A2AD10D2277E639F00B6DDF7 /* Sharing manager.swift in Sources */,
				A2B5650727035CFE00124ED9 /* Xeno_AppApp.swift in Sources */,
			);
			runOnlyForDeploymentPostprocessing = 0;
		};
		A2B5650F27035CFF00124ED9 /* Sources */ = {
			isa = PBXSourcesBuildPhase;
			buildActionMask = 2147483647;
			files = (
				A2B5651827035CFF00124ED9 /* Xeno_AppTests.swift in Sources */,
			);
			runOnlyForDeploymentPostprocessing = 0;
		};
		A2B5651927035CFF00124ED9 /* Sources */ = {
			isa = PBXSourcesBuildPhase;
			buildActionMask = 2147483647;
			files = (
				A2B5652427035CFF00124ED9 /* Xeno_AppUITestsLaunchTests.swift in Sources */,
				A2B5652227035CFF00124ED9 /* Xeno_AppUITests.swift in Sources */,
			);
			runOnlyForDeploymentPostprocessing = 0;
		};
/* End PBXSourcesBuildPhase section */

/* Begin PBXTargetDependency section */
		A2B5651527035CFF00124ED9 /* PBXTargetDependency */ = {
			isa = PBXTargetDependency;
			target = A2B5650227035CFE00124ED9 /* Xeno_App */;
			targetProxy = A2B5651427035CFF00124ED9 /* PBXContainerItemProxy */;
		};
		A2B5651F27035CFF00124ED9 /* PBXTargetDependency */ = {
			isa = PBXTargetDependency;
			target = A2B5650227035CFE00124ED9 /* Xeno_App */;
			targetProxy = A2B5651E27035CFF00124ED9 /* PBXContainerItemProxy */;
		};
/* End PBXTargetDependency section */

/* Begin XCBuildConfiguration section */
		A2B5652527035CFF00124ED9 /* Debug */ = {
			isa = XCBuildConfiguration;
			buildSettings = {
				ALWAYS_SEARCH_USER_PATHS = NO;
				CLANG_ANALYZER_NONNULL = YES;
				CLANG_ANALYZER_NUMBER_OBJECT_CONVERSION = YES_AGGRESSIVE;
				CLANG_CXX_LANGUAGE_STANDARD = "gnu++17";
				CLANG_CXX_LIBRARY = "libc++";
				CLANG_ENABLE_MODULES = YES;
				CLANG_ENABLE_OBJC_ARC = YES;
				CLANG_ENABLE_OBJC_WEAK = YES;
				CLANG_WARN_BLOCK_CAPTURE_AUTORELEASING = YES;
				CLANG_WARN_BOOL_CONVERSION = YES;
				CLANG_WARN_COMMA = YES;
				CLANG_WARN_CONSTANT_CONVERSION = YES;
				CLANG_WARN_DEPRECATED_OBJC_IMPLEMENTATIONS = YES;
				CLANG_WARN_DIRECT_OBJC_ISA_USAGE = YES_ERROR;
				CLANG_WARN_DOCUMENTATION_COMMENTS = YES;
				CLANG_WARN_EMPTY_BODY = YES;
				CLANG_WARN_ENUM_CONVERSION = YES;
				CLANG_WARN_INFINITE_RECURSION = YES;
				CLANG_WARN_INT_CONVERSION = YES;
				CLANG_WARN_NON_LITERAL_NULL_CONVERSION = YES;
				CLANG_WARN_OBJC_IMPLICIT_RETAIN_SELF = YES;
				CLANG_WARN_OBJC_LITERAL_CONVERSION = YES;
				CLANG_WARN_OBJC_ROOT_CLASS = YES_ERROR;
				CLANG_WARN_QUOTED_INCLUDE_IN_FRAMEWORK_HEADER = YES;
				CLANG_WARN_RANGE_LOOP_ANALYSIS = YES;
				CLANG_WARN_STRICT_PROTOTYPES = YES;
				CLANG_WARN_SUSPICIOUS_MOVE = YES;
				CLANG_WARN_UNGUARDED_AVAILABILITY = YES_AGGRESSIVE;
				CLANG_WARN_UNREACHABLE_CODE = YES;
				CLANG_WARN__DUPLICATE_METHOD_MATCH = YES;
				COPY_PHASE_STRIP = NO;
				DEBUG_INFORMATION_FORMAT = dwarf;
				ENABLE_STRICT_OBJC_MSGSEND = YES;
				ENABLE_TESTABILITY = YES;
				GCC_C_LANGUAGE_STANDARD = gnu11;
				GCC_DYNAMIC_NO_PIC = NO;
				GCC_NO_COMMON_BLOCKS = YES;
				GCC_OPTIMIZATION_LEVEL = 0;
				GCC_PREPROCESSOR_DEFINITIONS = (
					"DEBUG=1",
					"$(inherited)",
				);
				GCC_WARN_64_TO_32_BIT_CONVERSION = YES;
				GCC_WARN_ABOUT_RETURN_TYPE = YES_ERROR;
				GCC_WARN_UNDECLARED_SELECTOR = YES;
				GCC_WARN_UNINITIALIZED_AUTOS = YES_AGGRESSIVE;
				GCC_WARN_UNUSED_FUNCTION = YES;
				GCC_WARN_UNUSED_VARIABLE = YES;
				"INFOPLIST_FILE[sdk=*]" = "";
				IPHONEOS_DEPLOYMENT_TARGET = 15.0;
				MTL_ENABLE_DEBUG_INFO = INCLUDE_SOURCE;
				MTL_FAST_MATH = YES;
				ONLY_ACTIVE_ARCH = YES;
				SDKROOT = iphoneos;
				SWIFT_ACTIVE_COMPILATION_CONDITIONS = DEBUG;
				SWIFT_OPTIMIZATION_LEVEL = "-Onone";
			};
			name = Debug;
		};
		A2B5652627035CFF00124ED9 /* Release */ = {
			isa = XCBuildConfiguration;
			buildSettings = {
				ALWAYS_SEARCH_USER_PATHS = NO;
				CLANG_ANALYZER_NONNULL = YES;
				CLANG_ANALYZER_NUMBER_OBJECT_CONVERSION = YES_AGGRESSIVE;
				CLANG_CXX_LANGUAGE_STANDARD = "gnu++17";
				CLANG_CXX_LIBRARY = "libc++";
				CLANG_ENABLE_MODULES = YES;
				CLANG_ENABLE_OBJC_ARC = YES;
				CLANG_ENABLE_OBJC_WEAK = YES;
				CLANG_WARN_BLOCK_CAPTURE_AUTORELEASING = YES;
				CLANG_WARN_BOOL_CONVERSION = YES;
				CLANG_WARN_COMMA = YES;
				CLANG_WARN_CONSTANT_CONVERSION = YES;
				CLANG_WARN_DEPRECATED_OBJC_IMPLEMENTATIONS = YES;
				CLANG_WARN_DIRECT_OBJC_ISA_USAGE = YES_ERROR;
				CLANG_WARN_DOCUMENTATION_COMMENTS = YES;
				CLANG_WARN_EMPTY_BODY = YES;
				CLANG_WARN_ENUM_CONVERSION = YES;
				CLANG_WARN_INFINITE_RECURSION = YES;
				CLANG_WARN_INT_CONVERSION = YES;
				CLANG_WARN_NON_LITERAL_NULL_CONVERSION = YES;
				CLANG_WARN_OBJC_IMPLICIT_RETAIN_SELF = YES;
				CLANG_WARN_OBJC_LITERAL_CONVERSION = YES;
				CLANG_WARN_OBJC_ROOT_CLASS = YES_ERROR;
				CLANG_WARN_QUOTED_INCLUDE_IN_FRAMEWORK_HEADER = YES;
				CLANG_WARN_RANGE_LOOP_ANALYSIS = YES;
				CLANG_WARN_STRICT_PROTOTYPES = YES;
				CLANG_WARN_SUSPICIOUS_MOVE = YES;
				CLANG_WARN_UNGUARDED_AVAILABILITY = YES_AGGRESSIVE;
				CLANG_WARN_UNREACHABLE_CODE = YES;
				CLANG_WARN__DUPLICATE_METHOD_MATCH = YES;
				COPY_PHASE_STRIP = NO;
				DEBUG_INFORMATION_FORMAT = "dwarf-with-dsym";
				ENABLE_NS_ASSERTIONS = NO;
				ENABLE_STRICT_OBJC_MSGSEND = YES;
				GCC_C_LANGUAGE_STANDARD = gnu11;
				GCC_NO_COMMON_BLOCKS = YES;
				GCC_WARN_64_TO_32_BIT_CONVERSION = YES;
				GCC_WARN_ABOUT_RETURN_TYPE = YES_ERROR;
				GCC_WARN_UNDECLARED_SELECTOR = YES;
				GCC_WARN_UNINITIALIZED_AUTOS = YES_AGGRESSIVE;
				GCC_WARN_UNUSED_FUNCTION = YES;
				GCC_WARN_UNUSED_VARIABLE = YES;
				"INFOPLIST_FILE[sdk=*]" = "";
				IPHONEOS_DEPLOYMENT_TARGET = 15.0;
				MTL_ENABLE_DEBUG_INFO = NO;
				MTL_FAST_MATH = YES;
				SDKROOT = iphoneos;
				SWIFT_COMPILATION_MODE = wholemodule;
				SWIFT_OPTIMIZATION_LEVEL = "-O";
				VALIDATE_PRODUCT = YES;
			};
			name = Release;
		};
		A2B5652827035CFF00124ED9 /* Debug */ = {
			isa = XCBuildConfiguration;
			buildSettings = {
				ASSETCATALOG_COMPILER_APPICON_NAME = AppIcon;
				ASSETCATALOG_COMPILER_GLOBAL_ACCENT_COLOR_NAME = AccentColor;
				CODE_SIGN_STYLE = Automatic;
				CURRENT_PROJECT_VERSION = 1;
				DEVELOPMENT_ASSET_PATHS = "\"Xeno_App/Preview Content\"";
				DEVELOPMENT_TEAM = 8G93859436;
				ENABLE_PREVIEWS = YES;
				FRAMEWORK_SEARCH_PATHS = /Users/xenomannens/Documents/IOSapp/IOSApp/Xeno_App/Carthage/Build;
				GENERATE_INFOPLIST_FILE = NO;
				INFOPLIST_FILE = /Users/xenomannens/Documents/IOSapp/IOSApp/Xeno_App/Info.plist;
				INFOPLIST_KEY_UIApplicationSceneManifest_Generation = YES;
				INFOPLIST_KEY_UIApplicationSupportsIndirectInputEvents = YES;
				INFOPLIST_KEY_UILaunchScreen_Generation = YES;
				INFOPLIST_KEY_UISupportedInterfaceOrientations_iPad = "UIInterfaceOrientationPortrait UIInterfaceOrientationPortraitUpsideDown UIInterfaceOrientationLandscapeLeft UIInterfaceOrientationLandscapeRight";
				INFOPLIST_KEY_UISupportedInterfaceOrientations_iPhone = "UIInterfaceOrientationPortrait UIInterfaceOrientationLandscapeLeft UIInterfaceOrientationLandscapeRight";
				IPHONEOS_DEPLOYMENT_TARGET = 14.0;
				LD_RUNPATH_SEARCH_PATHS = (
					"$(inherited)",
					"@executable_path/Frameworks",
				);
				MARKETING_VERSION = 1.0;
				PRODUCT_BUNDLE_IDENTIFIER = "Xeno.Xeno-App";
				PRODUCT_NAME = "$(TARGET_NAME)";
				SWIFT_EMIT_LOC_STRINGS = YES;
				SWIFT_VERSION = 5.0;
				TARGETED_DEVICE_FAMILY = "1,2";
			};
			name = Debug;
		};
		A2B5652927035CFF00124ED9 /* Release */ = {
			isa = XCBuildConfiguration;
			buildSettings = {
				ASSETCATALOG_COMPILER_APPICON_NAME = AppIcon;
				ASSETCATALOG_COMPILER_GLOBAL_ACCENT_COLOR_NAME = AccentColor;
				CODE_SIGN_STYLE = Automatic;
				CURRENT_PROJECT_VERSION = 1;
				DEVELOPMENT_ASSET_PATHS = "\"Xeno_App/Preview Content\"";
				DEVELOPMENT_TEAM = 8G93859436;
				ENABLE_PREVIEWS = YES;
				FRAMEWORK_SEARCH_PATHS = /Users/xenomannens/Documents/IOSapp/IOSApp/Xeno_App/Carthage/Build;
				GENERATE_INFOPLIST_FILE = NO;
				INFOPLIST_FILE = /Users/xenomannens/Documents/IOSapp/IOSApp/Xeno_App/Info.plist;
				INFOPLIST_KEY_UIApplicationSceneManifest_Generation = YES;
				INFOPLIST_KEY_UIApplicationSupportsIndirectInputEvents = YES;
				INFOPLIST_KEY_UILaunchScreen_Generation = YES;
				INFOPLIST_KEY_UISupportedInterfaceOrientations_iPad = "UIInterfaceOrientationPortrait UIInterfaceOrientationPortraitUpsideDown UIInterfaceOrientationLandscapeLeft UIInterfaceOrientationLandscapeRight";
				INFOPLIST_KEY_UISupportedInterfaceOrientations_iPhone = "UIInterfaceOrientationPortrait UIInterfaceOrientationLandscapeLeft UIInterfaceOrientationLandscapeRight";
				IPHONEOS_DEPLOYMENT_TARGET = 14.0;
				LD_RUNPATH_SEARCH_PATHS = (
					"$(inherited)",
					"@executable_path/Frameworks",
				);
				MARKETING_VERSION = 1.0;
				PRODUCT_BUNDLE_IDENTIFIER = "Xeno.Xeno-App";
				PRODUCT_NAME = "$(TARGET_NAME)";
				SWIFT_EMIT_LOC_STRINGS = YES;
				SWIFT_VERSION = 5.0;
				TARGETED_DEVICE_FAMILY = "1,2";
			};
			name = Release;
		};
		A2B5652B27035CFF00124ED9 /* Debug */ = {
			isa = XCBuildConfiguration;
			buildSettings = {
				ALWAYS_EMBED_SWIFT_STANDARD_LIBRARIES = YES;
				BUNDLE_LOADER = "$(TEST_HOST)";
				CODE_SIGN_STYLE = Automatic;
				CURRENT_PROJECT_VERSION = 1;
				DEVELOPMENT_TEAM = 8G93859436;
				GENERATE_INFOPLIST_FILE = YES;
				IPHONEOS_DEPLOYMENT_TARGET = 14.0;
				LD_RUNPATH_SEARCH_PATHS = (
					"$(inherited)",
					"@executable_path/Frameworks",
					"@loader_path/Frameworks",
				);
				MARKETING_VERSION = 1.0;
				PRODUCT_BUNDLE_IDENTIFIER = "Xeno.Xeno-AppTests";
				PRODUCT_NAME = "$(TARGET_NAME)";
				SWIFT_EMIT_LOC_STRINGS = NO;
				SWIFT_VERSION = 5.0;
				TARGETED_DEVICE_FAMILY = "1,2";
				TEST_HOST = "$(BUILT_PRODUCTS_DIR)/Xeno_App.app/Xeno_App";
			};
			name = Debug;
		};
		A2B5652C27035CFF00124ED9 /* Release */ = {
			isa = XCBuildConfiguration;
			buildSettings = {
				ALWAYS_EMBED_SWIFT_STANDARD_LIBRARIES = YES;
				BUNDLE_LOADER = "$(TEST_HOST)";
				CODE_SIGN_STYLE = Automatic;
				CURRENT_PROJECT_VERSION = 1;
				DEVELOPMENT_TEAM = 8G93859436;
				GENERATE_INFOPLIST_FILE = YES;
				IPHONEOS_DEPLOYMENT_TARGET = 14.0;
				LD_RUNPATH_SEARCH_PATHS = (
					"$(inherited)",
					"@executable_path/Frameworks",
					"@loader_path/Frameworks",
				);
				MARKETING_VERSION = 1.0;
				PRODUCT_BUNDLE_IDENTIFIER = "Xeno.Xeno-AppTests";
				PRODUCT_NAME = "$(TARGET_NAME)";
				SWIFT_EMIT_LOC_STRINGS = NO;
				SWIFT_VERSION = 5.0;
				TARGETED_DEVICE_FAMILY = "1,2";
				TEST_HOST = "$(BUILT_PRODUCTS_DIR)/Xeno_App.app/Xeno_App";
			};
			name = Release;
		};
		A2B5652E27035CFF00124ED9 /* Debug */ = {
			isa = XCBuildConfiguration;
			buildSettings = {
				ALWAYS_EMBED_SWIFT_STANDARD_LIBRARIES = YES;
				CODE_SIGN_STYLE = Automatic;
				CURRENT_PROJECT_VERSION = 1;
				DEVELOPMENT_TEAM = 8G93859436;
				GENERATE_INFOPLIST_FILE = YES;
				LD_RUNPATH_SEARCH_PATHS = (
					"$(inherited)",
					"@executable_path/Frameworks",
					"@loader_path/Frameworks",
				);
				MARKETING_VERSION = 1.0;
				PRODUCT_BUNDLE_IDENTIFIER = "Xeno.Xeno-AppUITests";
				PRODUCT_NAME = "$(TARGET_NAME)";
				SWIFT_EMIT_LOC_STRINGS = NO;
				SWIFT_VERSION = 5.0;
				TARGETED_DEVICE_FAMILY = "1,2";
				TEST_TARGET_NAME = Xeno_App;
			};
			name = Debug;
		};
		A2B5652F27035CFF00124ED9 /* Release */ = {
			isa = XCBuildConfiguration;
			buildSettings = {
				ALWAYS_EMBED_SWIFT_STANDARD_LIBRARIES = YES;
				CODE_SIGN_STYLE = Automatic;
				CURRENT_PROJECT_VERSION = 1;
				DEVELOPMENT_TEAM = 8G93859436;
				GENERATE_INFOPLIST_FILE = YES;
				LD_RUNPATH_SEARCH_PATHS = (
					"$(inherited)",
					"@executable_path/Frameworks",
					"@loader_path/Frameworks",
				);
				MARKETING_VERSION = 1.0;
				PRODUCT_BUNDLE_IDENTIFIER = "Xeno.Xeno-AppUITests";
				PRODUCT_NAME = "$(TARGET_NAME)";
				SWIFT_EMIT_LOC_STRINGS = NO;
				SWIFT_VERSION = 5.0;
				TARGETED_DEVICE_FAMILY = "1,2";
				TEST_TARGET_NAME = Xeno_App;
			};
			name = Release;
		};
/* End XCBuildConfiguration section */

/* Begin XCConfigurationList section */
		A2B564FE27035CFE00124ED9 /* Build configuration list for PBXProject "Xeno_App" */ = {
			isa = XCConfigurationList;
			buildConfigurations = (
				A2B5652527035CFF00124ED9 /* Debug */,
				A2B5652627035CFF00124ED9 /* Release */,
			);
			defaultConfigurationIsVisible = 0;
			defaultConfigurationName = Release;
		};
		A2B5652727035CFF00124ED9 /* Build configuration list for PBXNativeTarget "Xeno_App" */ = {
			isa = XCConfigurationList;
			buildConfigurations = (
				A2B5652827035CFF00124ED9 /* Debug */,
				A2B5652927035CFF00124ED9 /* Release */,
			);
			defaultConfigurationIsVisible = 0;
			defaultConfigurationName = Release;
		};
		A2B5652A27035CFF00124ED9 /* Build configuration list for PBXNativeTarget "Xeno_AppTests" */ = {
			isa = XCConfigurationList;
			buildConfigurations = (
				A2B5652B27035CFF00124ED9 /* Debug */,
				A2B5652C27035CFF00124ED9 /* Release */,
			);
			defaultConfigurationIsVisible = 0;
			defaultConfigurationName = Release;
		};
		A2B5652D27035CFF00124ED9 /* Build configuration list for PBXNativeTarget "Xeno_AppUITests" */ = {
			isa = XCConfigurationList;
			buildConfigurations = (
				A2B5652E27035CFF00124ED9 /* Debug */,
				A2B5652F27035CFF00124ED9 /* Release */,
			);
			defaultConfigurationIsVisible = 0;
			defaultConfigurationName = Release;
		};
/* End XCConfigurationList section */
	};
	rootObject = A2B564FB27035CFE00124ED9 /* Project object */;
}
